{
    "_meta": {
        "hash": {
            "sha256": "2179c1acad9bf9b44ded236914b3b18c4afc83c3c5c224783accd6f4b8019c8b"
        },
        "pipfile-spec": 6,
        "requires": {
            "python_version": "3.7"
        },
        "sources": [
            {
                "name": "pypi",
                "url": "https://pypi.org/simple",
                "verify_ssl": true
            }
        ]
    },
    "default": {
        "colorzero": {
            "hashes": [
                "sha256:acba47119b5d8555680d3cda9afe6ccc5481385ccc3c00084dd973f7aa184599",
                "sha256:e3c36d15b293de2b2f77ff54a5bd243fffac941ed0a5332d0697a6612a26a0a3"
            ],
            "version": "==1.1"
        },
        "dirsync": {
            "hashes": [
                "sha256:4f6bef8dc97e262c9f89c4086d6f70681ed42515bc3d9ca2650c28ccf8e07aea"
            ],
            "index": "pypi",
            "version": "==2.2.4"
        },
        "gpiozero": {
            "hashes": [
                "sha256:101044038e71cec8be2fa841d4cea9e50e7962e9fb0287f465298b59e3f06594",
                "sha256:ae1a8dc4e6e793ffd8f900968f3290d218052c46347fa0c0503c65fabe422e4d"
            ],
            "index": "pypi",
            "version": "==1.5.1"
        },
        "pathlib": {
            "hashes": [
                "sha256:6940718dfc3eff4258203ad5021090933e5c04707d5ca8cc9e73c94a7894ea9f"
            ],
            "index": "pypi",
            "version": "==1.0.1"
        },
        "pigpio": {
            "hashes": [
                "sha256:c53c155fac05f855657c794f533cb128a516d041d6560e0fb0ead5247a7ac2fe",
                "sha256:df5e430e5c026c95f575cb50ccd18eb37d41be4e0bbbde070ab332dae27fdf58"
            ],
            "index": "pypi",
            "version": "==1.44"
        },
        "six": {
            "hashes": [
                "sha256:3350809f0555b11f552448330d0b52d5f24c91a322ea4a15ef22629740f3761c",
                "sha256:d16a0141ec1a18405cd4ce8b4613101da75da0e9a7aec5bdd4fa804d0e0eba73"
            ],
            "version": "==1.12.0"
        }
    },
    "develop": {}
}
